Microsoft Visual Studio Solution File, Format Version 12.00
# Visual Studio Version 17
VisualStudioVersion = 17.5.2.0
MinimumVisualStudioVersion = 10.0.40219.1
Project("{FAE04EC0-301F-11D3-BF4B-00C04F79EFBC}") = "PortalCampanas", "PortalCampanas\PortalCampanas.csproj", "{FE91F186-8F79-B060-9487-C5C880942554}"
EndProject
Global
	GlobalSection(SolutionConfigurationPlatforms) = preSolution
		Debug|Any CPU = Debug|Any CPU
		Release|Any CPU = Release|Any CPU
	EndGlobalSection
	GlobalSection(ProjectConfigurationPlatforms) = postSolution
		{FE91F186-8F79-B060-9487-C5C880942554}.Debug|Any CPU.ActiveCfg = Debug|Any CPU
		{FE91F186-8F79-B060-9487-C5C880942554}.Debug|Any CPU.Build.0 = Debug|Any CPU
		{FE91F186-8F79-B060-9487-C5C880942554}.Release|Any CPU.ActiveCfg = Release|Any CPU
		{FE91F186-8F79-B060-9487-C5C880942554}.Release|Any CPU.Build.0 = Release|Any CPU
	EndGlobalSection
	GlobalSection(SolutionProperties) = preSolution
		HideSolutionNode = FALSE
	EndGlobalSection
	GlobalSection(ExtensibilityGlobals) = postSolution
		SolutionGuid = {11F5B5FC-8396-4698-B95D-41979C16E913}
	EndGlobalSection
EndGlobal
